
Microsoft Visual Studio Solution File, Format Version 12.00
# Visual Studio Version 17
VisualStudioVersion = 17.10.35122.118
MinimumVisualStudioVersion = 10.0.40219.1
Project("{FAE04EC0-301F-11D3-BF4B-00C04F79EFBC}") = "ArrayLab", "ArrayLab\ArrayLab.csproj", "{90EFCA69-2742-4366-923D-03942E82613C}"
EndProject
Global
	GlobalSection(SolutionConfigurationPlatforms) = preSolution
		Debug|Any CPU = Debug|Any CPU
		Release|Any CPU = Release|Any CPU
	EndGlobalSection
	GlobalSection(ProjectConfigurationPlatforms) = postSolution
		{90EFCA69-2742-4366-923D-03942E82613C}.Debug|Any CPU.ActiveCfg = Debug|Any CPU
		{90EFCA69-2742-4366-923D-03942E82613C}.Debug|Any CPU.Build.0 = Debug|Any CPU
		{90EFCA69-2742-4366-923D-03942E82613C}.Release|Any CPU.ActiveCfg = Release|Any CPU
		{90EFCA69-2742-4366-923D-03942E82613C}.Release|Any CPU.Build.0 = Release|Any CPU
	EndGlobalSection
	GlobalSection(SolutionProperties) = preSolution
		HideSolutionNode = FALSE
	EndGlobalSection
	GlobalSection(ExtensibilityGlobals) = postSolution
		SolutionGuid = {C999E586-243C-45D5-8F61-ED1AB6D54E29}
	EndGlobalSection
EndGlobal
